
Microsoft Visual Studio Solution File, Format Version 12.00
# Visual Studio Version 17
VisualStudioVersion = 17.10.35013.160
MinimumVisualStudioVersion = 10.0.40219.1
Project("{FAE04EC0-301F-11D3-BF4B-00C04F79EFBC}") = "PhamQuocHoang_OnThi", "PhamQuocHoang_OnThi\PhamQuocHoang_OnThi.csproj", "{BB56CC3C-753F-48B8-8634-065C3E13F764}"
EndProject
Global
	GlobalSection(SolutionConfigurationPlatforms) = preSolution
		Debug|Any CPU = Debug|Any CPU
		Release|Any CPU = Release|Any CPU
	EndGlobalSection
	GlobalSection(ProjectConfigurationPlatforms) = postSolution
		{BB56CC3C-753F-48B8-8634-065C3E13F764}.Debug|Any CPU.ActiveCfg = Debug|Any CPU
		{BB56CC3C-753F-48B8-8634-065C3E13F764}.Debug|Any CPU.Build.0 = Debug|Any CPU
		{BB56CC3C-753F-48B8-8634-065C3E13F764}.Release|Any CPU.ActiveCfg = Release|Any CPU
		{BB56CC3C-753F-48B8-8634-065C3E13F764}.Release|Any CPU.Build.0 = Release|Any CPU
	EndGlobalSection
	GlobalSection(SolutionProperties) = preSolution
		HideSolutionNode = FALSE
	EndGlobalSection
	GlobalSection(ExtensibilityGlobals) = postSolution
		SolutionGuid = {FEBFB790-F123-4057-8457-EFDEF8BC674C}
	EndGlobalSection
EndGlobal
